// !$*UTF8*$!
{
	archiveVersion = 1;
	classes = {
	};
	objectVersion = 46;
	objects = {

/* Begin PBXBuildFile section */
		6990CBA51DBB4879005183D1 /* SweebiLoader.swift in Sources */ = {isa = PBXBuildFile; fileRef = 6990CBA41DBB4879005183D1 /* SweebiLoader.swift */; };
		6990CBA71DBB4909005183D1 /* SweebiProgress.swift in Sources */ = {isa = PBXBuildFile; fileRef = 6990CBA61DBB4909005183D1 /* SweebiProgress.swift */; };
		952F77BB1D01DA120018ECE4 /* AppDelegate.swift in Sources */ = {isa = PBXBuildFile; fileRef = 952F77BA1D01DA120018ECE4 /* AppDelegate.swift */; };
		952F77BD1D01DA120018ECE4 /* ViewController.swift in Sources */ = {isa = PBXBuildFile; fileRef = 952F77BC1D01DA120018ECE4 /* ViewController.swift */; };
		952F77C01D01DA120018ECE4 /* Main.storyboard in Resources */ = {isa = PBXBuildFile; fileRef = 952F77BE1D01DA120018ECE4 /* Main.storyboard */; };
		952F77C21D01DA120018ECE4 /* Assets.xcassets in Resources */ = {isa = PBXBuildFile; fileRef = 952F77C11D01DA120018ECE4 /* Assets.xcassets */; };
		952F77C51D01DA120018ECE4 /* LaunchScreen.storyboard in Resources */ = {isa = PBXBuildFile; fileRef = 952F77C31D01DA120018ECE4 /* LaunchScreen.storyboard */; };
		952F77F41D01DADF0018ECE4 /* iProgress.framework in Frameworks */ = {isa = PBXBuildFile; fileRef = 952F77F11D01DAB90018ECE4 /* iProgress.framework */; };
		952F77F51D01DADF0018ECE4 /* iProgress.framework in Embed Frameworks */ = {isa = PBXBuildFile; fileRef = 952F77F11D01DAB90018ECE4 /* iProgress.framework */; settings = {ATTRIBUTES = (CodeSignOnCopy, RemoveHeadersOnCopy, ); }; };
/* End PBXBuildFile section */

/* Begin PBXContainerItemProxy section */
		952F77F01D01DAB90018ECE4 /* PBXContainerItemProxy */ = {
			isa = PBXContainerItemProxy;
			containerPortal = 952F77EB1D01DAB90018ECE4 /* iProgress.xcodeproj */;
			proxyType = 2;
			remoteGlobalIDString = 952F77941D01D9AF0018ECE4;
			remoteInfo = iProgress;
		};
		952F77F61D01DADF0018ECE4 /* PBXContainerItemProxy */ = {
			isa = PBXContainerItemProxy;
			containerPortal = 952F77EB1D01DAB90018ECE4 /* iProgress.xcodeproj */;
			proxyType = 1;
			remoteGlobalIDString = 952F77931D01D9AF0018ECE4;
			remoteInfo = iProgress;
		};
/* End PBXContainerItemProxy section */

/* Begin PBXCopyFilesBuildPhase section */
		952F77F81D01DADF0018ECE4 /* Embed Frameworks */ = {
			isa = PBXCopyFilesBuildPhase;
			buildActionMask = 2147483647;
			dstPath = "";
			dstSubfolderSpec = 10;
			files = (
				952F77F51D01DADF0018ECE4 /* iProgress.framework in Embed Frameworks */,
			);
			name = "Embed Frameworks";
			runOnlyForDeploymentPostprocessing = 0;
		};
/* End PBXCopyFilesBuildPhase section */

/* Begin PBXFileReference section */
		6990CBA41DBB4879005183D1 /* SweebiLoader.swift */ = {isa = PBXFileReference; fileEncoding = 4; lastKnownFileType = sourcecode.swift; path = SweebiLoader.swift; sourceTree = "<group>"; };
		6990CBA61DBB4909005183D1 /* SweebiProgress.swift */ = {isa = PBXFileReference; fileEncoding = 4; lastKnownFileType = sourcecode.swift; path = SweebiProgress.swift; sourceTree = "<group>"; };
		952F77B71D01DA120018ECE4 /* iProgress-Demo.app */ = {isa = PBXFileReference; explicitFileType = wrapper.application; includeInIndex = 0; path = "iProgress-Demo.app"; sourceTree = BUILT_PRODUCTS_DIR; };
		952F77BA1D01DA120018ECE4 /* AppDelegate.swift */ = {isa = PBXFileReference; lastKnownFileType = sourcecode.swift; path = AppDelegate.swift; sourceTree = "<group>"; };
		952F77BC1D01DA120018ECE4 /* ViewController.swift */ = {isa = PBXFileReference; lastKnownFileType = sourcecode.swift; path = ViewController.swift; sourceTree = "<group>"; };
		952F77BF1D01DA120018ECE4 /* Base */ = {isa = PBXFileReference; lastKnownFileType = file.storyboard; name = Base; path = Base.lproj/Main.storyboard; sourceTree = "<group>"; };
		952F77C11D01DA120018ECE4 /* Assets.xcassets */ = {isa = PBXFileReference; lastKnownFileType = folder.assetcatalog; path = Assets.xcassets; sourceTree = "<group>"; };
		952F77C41D01DA120018ECE4 /* Base */ = {isa = PBXFileReference; lastKnownFileType = file.storyboard; name = Base; path = Base.lproj/LaunchScreen.storyboard; sourceTree = "<group>"; };
		952F77C61D01DA120018ECE4 /* Info.plist */ = {isa = PBXFileReference; lastKnownFileType = text.plist.xml; path = Info.plist; sourceTree = "<group>"; };
		952F77EB1D01DAB90018ECE4 /* iProgress.xcodeproj */ = {isa = PBXFileReference; lastKnownFileType = "wrapper.pb-project"; name = iProgress.xcodeproj; path = ../../iProgress.xcodeproj; sourceTree = "<group>"; };
/* End PBXFileReference section */

/* Begin PBXFrameworksBuildPhase section */
		952F77B41D01DA120018ECE4 /* Frameworks */ = {
			isa = PBXFrameworksBuildPhase;
			buildActionMask = 2147483647;
			files = (
				952F77F41D01DADF0018ECE4 /* iProgress.framework in Frameworks */,
			);
			runOnlyForDeploymentPostprocessing = 0;
		};
/* End PBXFrameworksBuildPhase section */

/* Begin PBXGroup section */
		952F77AE1D01DA120018ECE4 = {
			isa = PBXGroup;
			children = (
				952F77B91D01DA120018ECE4 /* iProgress-Demo */,
				952F77B81D01DA120018ECE4 /* Products */,
			);
			sourceTree = "<group>";
		};
		952F77B81D01DA120018ECE4 /* Products */ = {
			isa = PBXGroup;
			children = (
				952F77B71D01DA120018ECE4 /* iProgress-Demo.app */,
			);
			name = Products;
			sourceTree = "<group>";
		};
		952F77B91D01DA120018ECE4 /* iProgress-Demo */ = {
			isa = PBXGroup;
			children = (
				952F77EA1D01DAB00018ECE4 /* Frameworks */,
				952F77BA1D01DA120018ECE4 /* AppDelegate.swift */,
				952F77BC1D01DA120018ECE4 /* ViewController.swift */,
				952F77BE1D01DA120018ECE4 /* Main.storyboard */,
				952F77C11D01DA120018ECE4 /* Assets.xcassets */,
				952F77C31D01DA120018ECE4 /* LaunchScreen.storyboard */,
				952F77C61D01DA120018ECE4 /* Info.plist */,
				6990CBA41DBB4879005183D1 /* SweebiLoader.swift */,
				6990CBA61DBB4909005183D1 /* SweebiProgress.swift */,
			);
			path = "iProgress-Demo";
			sourceTree = "<group>";
		};
		952F77EA1D01DAB00018ECE4 /* Frameworks */ = {
			isa = PBXGroup;
			children = (
				952F77EB1D01DAB90018ECE4 /* iProgress.xcodeproj */,
			);
			name = Frameworks;
			sourceTree = "<group>";
		};
		952F77EC1D01DAB90018ECE4 /* Products */ = {
			isa = PBXGroup;
			children = (
				952F77F11D01DAB90018ECE4 /* iProgress.framework */,
			);
			name = Products;
			sourceTree = "<group>";
		};
/* End PBXGroup section */

/* Begin PBXNativeTarget section */
		952F77B61D01DA120018ECE4 /* iProgress-Demo */ = {
			isa = PBXNativeTarget;
			buildConfigurationList = 952F77DF1D01DA120018ECE4 /* Build configuration list for PBXNativeTarget "iProgress-Demo" */;
			buildPhases = (
				952F77B31D01DA120018ECE4 /* Sources */,
				952F77B41D01DA120018ECE4 /* Frameworks */,
				952F77B51D01DA120018ECE4 /* Resources */,
				952F77F81D01DADF0018ECE4 /* Embed Frameworks */,
			);
			buildRules = (
			);
			dependencies = (
				952F77F71D01DADF0018ECE4 /* PBXTargetDependency */,
			);
			name = "iProgress-Demo";
			productName = "iProgress-Demo";
			productReference = 952F77B71D01DA120018ECE4 /* iProgress-Demo.app */;
			productType = "com.apple.product-type.application";
		};
/* End PBXNativeTarget section */

/* Begin PBXProject section */
		952F77AF1D01DA120018ECE4 /* Project object */ = {
			isa = PBXProject;
			attributes = {
				LastSwiftUpdateCheck = 0730;
				LastUpgradeCheck = 0800;
				ORGANIZATIONNAME = iProgress;
				TargetAttributes = {
					952F77B61D01DA120018ECE4 = {
						CreatedOnToolsVersion = 7.3.1;
						LastSwiftMigration = 0800;
					};
				};
			};
			buildConfigurationList = 952F77B21D01DA120018ECE4 /* Build configuration list for PBXProject "iProgress-Demo" */;
			compatibilityVersion = "Xcode 3.2";
			developmentRegion = English;
			hasScannedForEncodings = 0;
			knownRegions = (
				en,
				Base,
			);
			mainGroup = 952F77AE1D01DA120018ECE4;
			productRefGroup = 952F77B81D01DA120018ECE4 /* Products */;
			projectDirPath = "";
			projectReferences = (
				{
					ProductGroup = 952F77EC1D01DAB90018ECE4 /* Products */;
					ProjectRef = 952F77EB1D01DAB90018ECE4 /* iProgress.xcodeproj */;
				},
			);
			projectRoot = "";
			targets = (
				952F77B61D01DA120018ECE4 /* iProgress-Demo */,
			);
		};
/* End PBXProject section */

/* Begin PBXReferenceProxy section */
		952F77F11D01DAB90018ECE4 /* iProgress.framework */ = {
			isa = PBXReferenceProxy;
			fileType = wrapper.framework;
			path = iProgress.framework;
			remoteRef = 952F77F01D01DAB90018ECE4 /* PBXContainerItemProxy */;
			sourceTree = BUILT_PRODUCTS_DIR;
		};
/* End PBXReferenceProxy section */

/* Begin PBXResourcesBuildPhase section */
		952F77B51D01DA120018ECE4 /* Resources */ = {
			isa = PBXResourcesBuildPhase;
			buildActionMask = 2147483647;
			files = (
				952F77C51D01DA120018ECE4 /* LaunchScreen.storyboard in Resources */,
				952F77C21D01DA120018ECE4 /* Assets.xcassets in Resources */,
				952F77C01D01DA120018ECE4 /* Main.storyboard in Resources */,
			);
			runOnlyForDeploymentPostprocessing = 0;
		};
/* End PBXResourcesBuildPhase section */

/* Begin PBXSourcesBuildPhase section */
		952F77B31D01DA120018ECE4 /* Sources */ = {
			isa = PBXSourcesBuildPhase;
			buildActionMask = 2147483647;
			files = (
				6990CBA51DBB4879005183D1 /* SweebiLoader.swift in Sources */,
				952F77BD1D01DA120018ECE4 /* ViewController.swift in Sources */,
				952F77BB1D01DA120018ECE4 /* AppDelegate.swift in Sources */,
				6990CBA71DBB4909005183D1 /* SweebiProgress.swift in Sources */,
			);
			runOnlyForDeploymentPostprocessing = 0;
		};
/* End PBXSourcesBuildPhase section */

/* Begin PBXTargetDependency section */
		952F77F71D01DADF0018ECE4 /* PBXTargetDependency */ = {
			isa = PBXTargetDependency;
			name = iProgress;
			targetProxy = 952F77F61D01DADF0018ECE4 /* PBXContainerItemProxy */;
		};
/* End PBXTargetDependency section */

/* Begin PBXVariantGroup section */
		952F77BE1D01DA120018ECE4 /* Main.storyboard */ = {
			isa = PBXVariantGroup;
			children = (
				952F77BF1D01DA120018ECE4 /* Base */,
			);
			name = Main.storyboard;
			sourceTree = "<group>";
		};
		952F77C31D01DA120018ECE4 /* LaunchScreen.storyboard */ = {
			isa = PBXVariantGroup;
			children = (
				952F77C41D01DA120018ECE4 /* Base */,
			);
			name = LaunchScreen.storyboard;
			sourceTree = "<group>";
		};
/* End PBXVariantGroup section */

/* Begin XCBuildConfiguration section */
		952F77DD1D01DA120018ECE4 /* Debug */ = {
			isa = XCBuildConfiguration;
			buildSettings = {
				ALWAYS_SEARCH_USER_PATHS = NO;
				CLANG_ANALYZER_NONNULL = YES;
				CLANG_CXX_LANGUAGE_STANDARD = "gnu++0x";
				CLANG_CXX_LIBRARY = "libc++";
				CLANG_ENABLE_MODULES = YES;
				CLANG_ENABLE_OBJC_ARC = YES;
				CLANG_WARN_BOOL_CONVERSION = YES;
				CLANG_WARN_CONSTANT_CONVERSION = YES;
				CLANG_WARN_DIRECT_OBJC_ISA_USAGE = YES_ERROR;
				CLANG_WARN_EMPTY_BODY = YES;
				CLANG_WARN_ENUM_CONVERSION = YES;
				CLANG_WARN_INFINITE_RECURSION = YES;
				CLANG_WARN_INT_CONVERSION = YES;
				CLANG_WARN_OBJC_ROOT_CLASS = YES_ERROR;
				CLANG_WARN_SUSPICIOUS_MOVE = YES;
				CLANG_WARN_UNREACHABLE_CODE = YES;
				CLANG_WARN__DUPLICATE_METHOD_MATCH = YES;
				"CODE_SIGN_IDENTITY[sdk=iphoneos*]" = "iPhone Developer";
				COPY_PHASE_STRIP = NO;
				DEBUG_INFORMATION_FORMAT = dwarf;
				ENABLE_STRICT_OBJC_MSGSEND = YES;
				ENABLE_TESTABILITY = YES;
				GCC_C_LANGUAGE_STANDARD = gnu99;
				GCC_DYNAMIC_NO_PIC = NO;
				GCC_NO_COMMON_BLOCKS = YES;
				GCC_OPTIMIZATION_LEVEL = 0;
				GCC_PREPROCESSOR_DEFINITIONS = (
					"DEBUG=1",
					"$(inherited)",
				);
				GCC_WARN_64_TO_32_BIT_CONVERSION = YES;
				GCC_WARN_ABOUT_RETURN_TYPE = YES_ERROR;
				GCC_WARN_UNDECLARED_SELECTOR = YES;
				GCC_WARN_UNINITIALIZED_AUTOS = YES_AGGRESSIVE;
				GCC_WARN_UNUSED_FUNCTION = YES;
				GCC_WARN_UNUSED_VARIABLE = YES;
				IPHONEOS_DEPLOYMENT_TARGET = 9.3;
				MTL_ENABLE_DEBUG_INFO = YES;
				ONLY_ACTIVE_ARCH = YES;
				SDKROOT = iphoneos;
				SWIFT_OPTIMIZATION_LEVEL = "-Onone";
				TARGETED_DEVICE_FAMILY = "1,2";
			};
			name = Debug;
		};
		952F77DE1D01DA120018ECE4 /* Release */ = {
			isa = XCBuildConfiguration;
			buildSettings = {
				ALWAYS_SEARCH_USER_PATHS = NO;
				CLANG_ANALYZER_NONNULL = YES;
				CLANG_CXX_LANGUAGE_STANDARD = "gnu++0x";
				CLANG_CXX_LIBRARY = "libc++";
				CLANG_ENABLE_MODULES = YES;
				CLANG_ENABLE_OBJC_ARC = YES;
				CLANG_WARN_BOOL_CONVERSION = YES;
				CLANG_WARN_CONSTANT_CONVERSION = YES;
				CLANG_WARN_DIRECT_OBJC_ISA_USAGE = YES_ERROR;
				CLANG_WARN_EMPTY_BODY = YES;
				CLANG_WARN_ENUM_CONVERSION = YES;
				CLANG_WARN_INFINITE_RECURSION = YES;
				CLANG_WARN_INT_CONVERSION = YES;
				CLANG_WARN_OBJC_ROOT_CLASS = YES_ERROR;
				CLANG_WARN_SUSPICIOUS_MOVE = YES;
				CLANG_WARN_UNREACHABLE_CODE = YES;
				CLANG_WARN__DUPLICATE_METHOD_MATCH = YES;
				"CODE_SIGN_IDENTITY[sdk=iphoneos*]" = "iPhone Developer";
				COPY_PHASE_STRIP = NO;
				DEBUG_INFORMATION_FORMAT = "dwarf-with-dsym";
				ENABLE_NS_ASSERTIONS = NO;
				ENABLE_STRICT_OBJC_MSGSEND = YES;
				GCC_C_LANGUAGE_STANDARD = gnu99;
				GCC_NO_COMMON_BLOCKS = YES;
				GCC_WARN_64_TO_32_BIT_CONVERSION = YES;
				GCC_WARN_ABOUT_RETURN_TYPE = YES_ERROR;
				GCC_WARN_UNDECLARED_SELECTOR = YES;
				GCC_WARN_UNINITIALIZED_AUTOS = YES_AGGRESSIVE;
				GCC_WARN_UNUSED_FUNCTION = YES;
				GCC_WARN_UNUSED_VARIABLE = YES;
				IPHONEOS_DEPLOYMENT_TARGET = 9.3;
				MTL_ENABLE_DEBUG_INFO = NO;
				SDKROOT = iphoneos;
				SWIFT_OPTIMIZATION_LEVEL = "-Owholemodule";
				TARGETED_DEVICE_FAMILY = "1,2";
				VALIDATE_PRODUCT = YES;
			};
			name = Release;
		};
		952F77E01D01DA120018ECE4 /* Debug */ = {
			isa = XCBuildConfiguration;
			buildSettings = {
				ASSETCATALOG_COMPILER_APPICON_NAME = AppIcon;
				INFOPLIST_FILE = "iProgress-Demo/Info.plist";
				LD_RUNPATH_SEARCH_PATHS = "$(inherited) @executable_path/Frameworks";
				PRODUCT_BUNDLE_IDENTIFIER = "com.iProgress.iProgress-Demo";
				PRODUCT_NAME = "$(TARGET_NAME)";
				SWIFT_VERSION = 3.0;
			};
			name = Debug;
		};
		952F77E11D01DA120018ECE4 /* Release */ = {
			isa = XCBuildConfiguration;
			buildSettings = {
				ASSETCATALOG_COMPILER_APPICON_NAME = AppIcon;
				INFOPLIST_FILE = "iProgress-Demo/Info.plist";
				LD_RUNPATH_SEARCH_PATHS = "$(inherited) @executable_path/Frameworks";
				PRODUCT_BUNDLE_IDENTIFIER = "com.iProgress.iProgress-Demo";
				PRODUCT_NAME = "$(TARGET_NAME)";
				SWIFT_VERSION = 3.0;
			};
			name = Release;
		};
/* End XCBuildConfiguration section */

/* Begin XCConfigurationList section */
		952F77B21D01DA120018ECE4 /* Build configuration list for PBXProject "iProgress-Demo" */ = {
			isa = XCConfigurationList;
			buildConfigurations = (
				952F77DD1D01DA120018ECE4 /* Debug */,
				952F77DE1D01DA120018ECE4 /* Release */,
			);
			defaultConfigurationIsVisible = 0;
			defaultConfigurationName = Release;
		};
		952F77DF1D01DA120018ECE4 /* Build configuration list for PBXNativeTarget "iProgress-Demo" */ = {
			isa = XCConfigurationList;
			buildConfigurations = (
				952F77E01D01DA120018ECE4 /* Debug */,
				952F77E11D01DA120018ECE4 /* Release */,
			);
			defaultConfigurationIsVisible = 0;
			defaultConfigurationName = Release;
		};
/* End XCConfigurationList section */
	};
	rootObject = 952F77AF1D01DA120018ECE4 /* Project object */;
}
